// !$*UTF8*$!
{
	archiveVersion = 1;
	classes = {
	};
	objectVersion = 52;
	objects = {

/* Begin PBXBuildFile section */
		C513AD98274655BF0045DD8A /* AppDelegate.swift in Sources */ = {isa = PBXBuildFile; fileRef = C513AD97274655BF0045DD8A /* AppDelegate.swift */; };
		C513AD9A274655BF0045DD8A /* SceneDelegate.swift in Sources */ = {isa = PBXBuildFile; fileRef = C513AD99274655BF0045DD8A /* SceneDelegate.swift */; };
		C513AD9C274655BF0045DD8A /* ViewController.swift in Sources */ = {isa = PBXBuildFile; fileRef = C513AD9B274655BF0045DD8A /* ViewController.swift */; };
		C513AD9F274655BF0045DD8A /* Main.storyboard in Resources */ = {isa = PBXBuildFile; fileRef = C513AD9D274655BF0045DD8A /* Main.storyboard */; };
		C513ADA1274655BF0045DD8A /* Assets.xcassets in Resources */ = {isa = PBXBuildFile; fileRef = C513ADA0274655BF0045DD8A /* Assets.xcassets */; };
		C513ADA4274655BF0045DD8A /* LaunchScreen.storyboard in Resources */ = {isa = PBXBuildFile; fileRef = C513ADA2274655BF0045DD8A /* LaunchScreen.storyboard */; };
		C513ADAE274656750045DD8A /* Alamofire in Frameworks */ = {isa = PBXBuildFile; productRef = C513ADAD274656750045DD8A /* Alamofire */; };
		C513ADB2274656A40045DD8A /* SwiftyJSON in Frameworks */ = {isa = PBXBuildFile; productRef = C513ADB1274656A40045DD8A /* SwiftyJSON */; };
		C513ADB52746594C0045DD8A /* TableViewController.swift in Sources */ = {isa = PBXBuildFile; fileRef = C513ADB42746594C0045DD8A /* TableViewController.swift */; };
/* End PBXBuildFile section */

/* Begin PBXFileReference section */
		C513AD94274655BF0045DD8A /* shrek.app */ = {isa = PBXFileReference; explicitFileType = wrapper.application; includeInIndex = 0; path = shrek.app; sourceTree = BUILT_PRODUCTS_DIR; };
		C513AD97274655BF0045DD8A /* AppDelegate.swift */ = {isa = PBXFileReference; lastKnownFileType = sourcecode.swift; path = AppDelegate.swift; sourceTree = "<group>"; };
		C513AD99274655BF0045DD8A /* SceneDelegate.swift */ = {isa = PBXFileReference; lastKnownFileType = sourcecode.swift; path = SceneDelegate.swift; sourceTree = "<group>"; };
		C513AD9B274655BF0045DD8A /* ViewController.swift */ = {isa = PBXFileReference; lastKnownFileType = sourcecode.swift; path = ViewController.swift; sourceTree = "<group>"; };
		C513AD9E274655BF0045DD8A /* Base */ = {isa = PBXFileReference; lastKnownFileType = file.storyboard; name = Base; path = Base.lproj/Main.storyboard; sourceTree = "<group>"; };
		C513ADA0274655BF0045DD8A /* Assets.xcassets */ = {isa = PBXFileReference; lastKnownFileType = folder.assetcatalog; path = Assets.xcassets; sourceTree = "<group>"; };
		C513ADA3274655BF0045DD8A /* Base */ = {isa = PBXFileReference; lastKnownFileType = file.storyboard; name = Base; path = Base.lproj/LaunchScreen.storyboard; sourceTree = "<group>"; };
		C513ADA5274655BF0045DD8A /* Info.plist */ = {isa = PBXFileReference; lastKnownFileType = text.plist.xml; path = Info.plist; sourceTree = "<group>"; };
		C513ADB42746594C0045DD8A /* TableViewController.swift */ = {isa = PBXFileReference; lastKnownFileType = sourcecode.swift; path = TableViewController.swift; sourceTree = "<group>"; };
/* End PBXFileReference section */

/* Begin PBXFrameworksBuildPhase section */
		C513AD91274655BF0045DD8A /* Frameworks */ = {
			isa = PBXFrameworksBuildPhase;
			buildActionMask = 2147483647;
			files = (
				C513ADB2274656A40045DD8A /* SwiftyJSON in Frameworks */,
				C513ADAE274656750045DD8A /* Alamofire in Frameworks */,
			);
			runOnlyForDeploymentPostprocessing = 0;
		};
/* End PBXFrameworksBuildPhase section */

/* Begin PBXGroup section */
		C513AD8B274655BF0045DD8A = {
			isa = PBXGroup;
			children = (
				C513AD96274655BF0045DD8A /* shrek */,
				C513AD95274655BF0045DD8A /* Products */,
			);
			sourceTree = "<group>";
		};
		C513AD95274655BF0045DD8A /* Products */ = {
			isa = PBXGroup;
			children = (
				C513AD94274655BF0045DD8A /* shrek.app */,
			);
			name = Products;
			sourceTree = "<group>";
		};
		C513AD96274655BF0045DD8A /* shrek */ = {
			isa = PBXGroup;
			children = (
				C513AD97274655BF0045DD8A /* AppDelegate.swift */,
				C513AD99274655BF0045DD8A /* SceneDelegate.swift */,
				C513AD9B274655BF0045DD8A /* ViewController.swift */,
				C513AD9D274655BF0045DD8A /* Main.storyboard */,
				C513ADB42746594C0045DD8A /* TableViewController.swift */,
				C513ADA0274655BF0045DD8A /* Assets.xcassets */,
				C513ADA2274655BF0045DD8A /* LaunchScreen.storyboard */,
				C513ADA5274655BF0045DD8A /* Info.plist */,
			);
			path = shrek;
			sourceTree = "<group>";
		};
/* End PBXGroup section */

/* Begin PBXNativeTarget section */
		C513AD93274655BF0045DD8A /* shrek */ = {
			isa = PBXNativeTarget;
			buildConfigurationList = C513ADA8274655BF0045DD8A /* Build configuration list for PBXNativeTarget "shrek" */;
			buildPhases = (
				C513AD90274655BF0045DD8A /* Sources */,
				C513AD91274655BF0045DD8A /* Frameworks */,
				C513AD92274655BF0045DD8A /* Resources */,
			);
			buildRules = (
			);
			dependencies = (
			);
			name = shrek;
			packageProductDependencies = (
				C513ADAD274656750045DD8A /* Alamofire */,
				C513ADB1274656A40045DD8A /* SwiftyJSON */,
			);
			productName = shrek;
			productReference = C513AD94274655BF0045DD8A /* shrek.app */;
			productType = "com.apple.product-type.application";
		};
/* End PBXNativeTarget section */

/* Begin PBXProject section */
		C513AD8C274655BF0045DD8A /* Project object */ = {
			isa = PBXProject;
			attributes = {
				LastSwiftUpdateCheck = 1230;
				LastUpgradeCheck = 1230;
				TargetAttributes = {
					C513AD93274655BF0045DD8A = {
						CreatedOnToolsVersion = 12.3;
					};
				};
			};
			buildConfigurationList = C513AD8F274655BF0045DD8A /* Build configuration list for PBXProject "shrek" */;
			compatibilityVersion = "Xcode 9.3";
			developmentRegion = en;
			hasScannedForEncodings = 0;
			knownRegions = (
				en,
				Base,
			);
			mainGroup = C513AD8B274655BF0045DD8A;
			packageReferences = (
				C513ADAC274656750045DD8A /* XCRemoteSwiftPackageReference "Alamofire" */,
				C513ADB0274656A40045DD8A /* XCRemoteSwiftPackageReference "SwiftyJSON" */,
			);
			productRefGroup = C513AD95274655BF0045DD8A /* Products */;
			projectDirPath = "";
			projectRoot = "";
			targets = (
				C513AD93274655BF0045DD8A /* shrek */,
			);
		};
/* End PBXProject section */

/* Begin PBXResourcesBuildPhase section */
		C513AD92274655BF0045DD8A /* Resources */ = {
			isa = PBXResourcesBuildPhase;
			buildActionMask = 2147483647;
			files = (
				C513ADA4274655BF0045DD8A /* LaunchScreen.storyboard in Resources */,
				C513ADA1274655BF0045DD8A /* Assets.xcassets in Resources */,
				C513AD9F274655BF0045DD8A /* Main.storyboard in Resources */,
			);
			runOnlyForDeploymentPostprocessing = 0;
		};
/* End PBXResourcesBuildPhase section */

/* Begin PBXSourcesBuildPhase section */
		C513AD90274655BF0045DD8A /* Sources */ = {
			isa = PBXSourcesBuildPhase;
			buildActionMask = 2147483647;
			files = (
				C513AD9C274655BF0045DD8A /* ViewController.swift in Sources */,
				C513AD98274655BF0045DD8A /* AppDelegate.swift in Sources */,
				C513AD9A274655BF0045DD8A /* SceneDelegate.swift in Sources */,
				C513ADB52746594C0045DD8A /* TableViewController.swift in Sources */,
			);
			runOnlyForDeploymentPostprocessing = 0;
		};
/* End PBXSourcesBuildPhase section */

/* Begin PBXVariantGroup section */
		C513AD9D274655BF0045DD8A /* Main.storyboard */ = {
			isa = PBXVariantGroup;
			children = (
				C513AD9E274655BF0045DD8A /* Base */,
			);
			name = Main.storyboard;
			sourceTree = "<group>";
		};
		C513ADA2274655BF0045DD8A /* LaunchScreen.storyboard */ = {
			isa = PBXVariantGroup;
			children = (
				C513ADA3274655BF0045DD8A /* Base */,
			);
			name = LaunchScreen.storyboard;
			sourceTree = "<group>";
		};
/* End PBXVariantGroup section */

/* Begin XCBuildConfiguration section */
		C513ADA6274655BF0045DD8A /* Debug */ = {
			isa = XCBuildConfiguration;
			buildSettings = {
				ALWAYS_SEARCH_USER_PATHS = NO;
				CLANG_ANALYZER_NONNULL = YES;
				CLANG_ANALYZER_NUMBER_OBJECT_CONVERSION = YES_AGGRESSIVE;
				CLANG_CXX_LANGUAGE_STANDARD = "gnu++14";
				CLANG_CXX_LIBRARY = "libc++";
				CLANG_ENABLE_MODULES = YES;
				CLANG_ENABLE_OBJC_ARC = YES;
				CLANG_ENABLE_OBJC_WEAK = YES;
				CLANG_WARN_BLOCK_CAPTURE_AUTORELEASING = YES;
				CLANG_WARN_BOOL_CONVERSION = YES;
				CLANG_WARN_COMMA = YES;
				CLANG_WARN_CONSTANT_CONVERSION = YES;
				CLANG_WARN_DEPRECATED_OBJC_IMPLEMENTATIONS = YES;
				CLANG_WARN_DIRECT_OBJC_ISA_USAGE = YES_ERROR;
				CLANG_WARN_DOCUMENTATION_COMMENTS = YES;
				CLANG_WARN_EMPTY_BODY = YES;
				CLANG_WARN_ENUM_CONVERSION = YES;
				CLANG_WARN_INFINITE_RECURSION = YES;
				CLANG_WARN_INT_CONVERSION = YES;
				CLANG_WARN_NON_LITERAL_NULL_CONVERSION = YES;
				CLANG_WARN_OBJC_IMPLICIT_RETAIN_SELF = YES;
				CLANG_WARN_OBJC_LITERAL_CONVERSION = YES;
				CLANG_WARN_OBJC_ROOT_CLASS = YES_ERROR;
				CLANG_WARN_QUOTED_INCLUDE_IN_FRAMEWORK_HEADER = YES;
				CLANG_WARN_RANGE_LOOP_ANALYSIS = YES;
				CLANG_WARN_STRICT_PROTOTYPES = YES;
				CLANG_WARN_SUSPICIOUS_MOVE = YES;
				CLANG_WARN_UNGUARDED_AVAILABILITY = YES_AGGRESSIVE;
				CLANG_WARN_UNREACHABLE_CODE = YES;
				CLANG_WARN__DUPLICATE_METHOD_MATCH = YES;
				COPY_PHASE_STRIP = NO;
				DEBUG_INFORMATION_FORMAT = dwarf;
				ENABLE_STRICT_OBJC_MSGSEND = YES;
				ENABLE_TESTABILITY = YES;
				GCC_C_LANGUAGE_STANDARD = gnu11;
				GCC_DYNAMIC_NO_PIC = NO;
				GCC_NO_COMMON_BLOCKS = YES;
				GCC_OPTIMIZATION_LEVEL = 0;
				GCC_PREPROCESSOR_DEFINITIONS = (
					"DEBUG=1",
					"$(inherited)",
				);
				GCC_WARN_64_TO_32_BIT_CONVERSION = YES;
				GCC_WARN_ABOUT_RETURN_TYPE = YES_ERROR;
				GCC_WARN_UNDECLARED_SELECTOR = YES;
				GCC_WARN_UNINITIALIZED_AUTOS = YES_AGGRESSIVE;
				GCC_WARN_UNUSED_FUNCTION = YES;
				GCC_WARN_UNUSED_VARIABLE = YES;
				IPHONEOS_DEPLOYMENT_TARGET = 14.3;
				MTL_ENABLE_DEBUG_INFO = INCLUDE_SOURCE;
				MTL_FAST_MATH = YES;
				ONLY_ACTIVE_ARCH = YES;
				SDKROOT = iphoneos;
				SWIFT_ACTIVE_COMPILATION_CONDITIONS = DEBUG;
				SWIFT_OPTIMIZATION_LEVEL = "-Onone";
			};
			name = Debug;
		};
		C513ADA7274655BF0045DD8A /* Release */ = {
			isa = XCBuildConfiguration;
			buildSettings = {
				ALWAYS_SEARCH_USER_PATHS = NO;
				CLANG_ANALYZER_NONNULL = YES;
				CLANG_ANALYZER_NUMBER_OBJECT_CONVERSION = YES_AGGRESSIVE;
				CLANG_CXX_LANGUAGE_STANDARD = "gnu++14";
				CLANG_CXX_LIBRARY = "libc++";
				CLANG_ENABLE_MODULES = YES;
				CLANG_ENABLE_OBJC_ARC = YES;
				CLANG_ENABLE_OBJC_WEAK = YES;
				CLANG_WARN_BLOCK_CAPTURE_AUTORELEASING = YES;
				CLANG_WARN_BOOL_CONVERSION = YES;
				CLANG_WARN_COMMA = YES;
				CLANG_WARN_CONSTANT_CONVERSION = YES;
				CLANG_WARN_DEPRECATED_OBJC_IMPLEMENTATIONS = YES;
				CLANG_WARN_DIRECT_OBJC_ISA_USAGE = YES_ERROR;
				CLANG_WARN_DOCUMENTATION_COMMENTS = YES;
				CLANG_WARN_EMPTY_BODY = YES;
				CLANG_WARN_ENUM_CONVERSION = YES;
				CLANG_WARN_INFINITE_RECURSION = YES;
				CLANG_WARN_INT_CONVERSION = YES;
				CLANG_WARN_NON_LITERAL_NULL_CONVERSION = YES;
				CLANG_WARN_OBJC_IMPLICIT_RETAIN_SELF = YES;
				CLANG_WARN_OBJC_LITERAL_CONVERSION = YES;
				CLANG_WARN_OBJC_ROOT_CLASS = YES_ERROR;
				CLANG_WARN_QUOTED_INCLUDE_IN_FRAMEWORK_HEADER = YES;
				CLANG_WARN_RANGE_LOOP_ANALYSIS = YES;
				CLANG_WARN_STRICT_PROTOTYPES = YES;
				CLANG_WARN_SUSPICIOUS_MOVE = YES;
				CLANG_WARN_UNGUARDED_AVAILABILITY = YES_AGGRESSIVE;
				CLANG_WARN_UNREACHABLE_CODE = YES;
				CLANG_WARN__DUPLICATE_METHOD_MATCH = YES;
				COPY_PHASE_STRIP = NO;
				DEBUG_INFORMATION_FORMAT = "dwarf-with-dsym";
				ENABLE_NS_ASSERTIONS = NO;
				ENABLE_STRICT_OBJC_MSGSEND = YES;
				GCC_C_LANGUAGE_STANDARD = gnu11;
				GCC_NO_COMMON_BLOCKS = YES;
				GCC_WARN_64_TO_32_BIT_CONVERSION = YES;
				GCC_WARN_ABOUT_RETURN_TYPE = YES_ERROR;
				GCC_WARN_UNDECLARED_SELECTOR = YES;
				GCC_WARN_UNINITIALIZED_AUTOS = YES_AGGRESSIVE;
				GCC_WARN_UNUSED_FUNCTION = YES;
				GCC_WARN_UNUSED_VARIABLE = YES;
				IPHONEOS_DEPLOYMENT_TARGET = 14.3;
				MTL_ENABLE_DEBUG_INFO = NO;
				MTL_FAST_MATH = YES;
				SDKROOT = iphoneos;
				SWIFT_COMPILATION_MODE = wholemodule;
				SWIFT_OPTIMIZATION_LEVEL = "-O";
				VALIDATE_PRODUCT = YES;
			};
			name = Release;
		};
		C513ADA9274655BF0045DD8A /* Debug */ = {
			isa = XCBuildConfiguration;
			buildSettings = {
				ASSETCATALOG_COMPILER_APPICON_NAME = AppIcon;
				ASSETCATALOG_COMPILER_GLOBAL_ACCENT_COLOR_NAME = AccentColor;
				CODE_SIGN_STYLE = Automatic;
				INFOPLIST_FILE = shrek/Info.plist;
				LD_RUNPATH_SEARCH_PATHS = (
					"$(inherited)",
					"@executable_path/Frameworks",
				);
				PRODUCT_BUNDLE_IDENTIFIER = DiPro.shrek;
				PRODUCT_NAME = "$(TARGET_NAME)";
				SWIFT_VERSION = 5.0;
				TARGETED_DEVICE_FAMILY = "1,2";
			};
			name = Debug;
		};
		C513ADAA274655BF0045DD8A /* Release */ = {
			isa = XCBuildConfiguration;
			buildSettings = {
				ASSETCATALOG_COMPILER_APPICON_NAME = AppIcon;
				ASSETCATALOG_COMPILER_GLOBAL_ACCENT_COLOR_NAME = AccentColor;
				CODE_SIGN_STYLE = Automatic;
				INFOPLIST_FILE = shrek/Info.plist;
				LD_RUNPATH_SEARCH_PATHS = (
					"$(inherited)",
					"@executable_path/Frameworks",
				);
				PRODUCT_BUNDLE_IDENTIFIER = DiPro.shrek;
				PRODUCT_NAME = "$(TARGET_NAME)";
				SWIFT_VERSION = 5.0;
				TARGETED_DEVICE_FAMILY = "1,2";
			};
			name = Release;
		};
/* End XCBuildConfiguration section */

/* Begin XCConfigurationList section */
		C513AD8F274655BF0045DD8A /* Build configuration list for PBXProject "shrek" */ = {
			isa = XCConfigurationList;
			buildConfigurations = (
				C513ADA6274655BF0045DD8A /* Debug */,
				C513ADA7274655BF0045DD8A /* Release */,
			);
			defaultConfigurationIsVisible = 0;
			defaultConfigurationName = Release;
		};
		C513ADA8274655BF0045DD8A /* Build configuration list for PBXNativeTarget "shrek" */ = {
			isa = XCConfigurationList;
			buildConfigurations = (
				C513ADA9274655BF0045DD8A /* Debug */,
				C513ADAA274655BF0045DD8A /* Release */,
			);
			defaultConfigurationIsVisible = 0;
			defaultConfigurationName = Release;
		};
/* End XCConfigurationList section */

/* Begin XCRemoteSwiftPackageReference section */
		C513ADAC274656750045DD8A /* XCRemoteSwiftPackageReference "Alamofire" */ = {
			isa = XCRemoteSwiftPackageReference;
			repositoryURL = "https://github.com/Alamofire/Alamofire.git";
			requirement = {
				kind = upToNextMajorVersion;
				minimumVersion = 5.4.4;
			};
		};
		C513ADB0274656A40045DD8A /* XCRemoteSwiftPackageReference "SwiftyJSON" */ = {
			isa = XCRemoteSwiftPackageReference;
			repositoryURL = "https://github.com/SwiftyJSON/SwiftyJSON.git";
			requirement = {
				kind = upToNextMajorVersion;
				minimumVersion = 5.0.1;
			};
		};
/* End XCRemoteSwiftPackageReference section */

/* Begin XCSwiftPackageProductDependency section */
		C513ADAD274656750045DD8A /* Alamofire */ = {
			isa = XCSwiftPackageProductDependency;
			package = C513ADAC274656750045DD8A /* XCRemoteSwiftPackageReference "Alamofire" */;
			productName = Alamofire;
		};
		C513ADB1274656A40045DD8A /* SwiftyJSON */ = {
			isa = XCSwiftPackageProductDependency;
			package = C513ADB0274656A40045DD8A /* XCRemoteSwiftPackageReference "SwiftyJSON" */;
			productName = SwiftyJSON;
		};
/* End XCSwiftPackageProductDependency section */
	};
	rootObject = C513AD8C274655BF0045DD8A /* Project object */;
}
